
Microsoft Visual Studio Solution File, Format Version 12.00
# Visual Studio 15
VisualStudioVersion = 15.0.27428.2005
MinimumVisualStudioVersion = 10.0.40219.1
Project("{FAE04EC0-301F-11D3-BF4B-00C04F79EFBC}") = "3", "3\3.csproj", "{65D9F78C-4686-44E9-B9B5-A053D2B737EB}"
EndProject
Global
	GlobalSection(SolutionConfigurationPlatforms) = preSolution
		Debug|Any CPU = Debug|Any CPU
		Release|Any CPU = Release|Any CPU
	EndGlobalSection
	GlobalSection(ProjectConfigurationPlatforms) = postSolution
		{65D9F78C-4686-44E9-B9B5-A053D2B737EB}.Debug|Any CPU.ActiveCfg = Debug|Any CPU
		{65D9F78C-4686-44E9-B9B5-A053D2B737EB}.Debug|Any CPU.Build.0 = Debug|Any CPU
		{65D9F78C-4686-44E9-B9B5-A053D2B737EB}.Release|Any CPU.ActiveCfg = Release|Any CPU
		{65D9F78C-4686-44E9-B9B5-A053D2B737EB}.Release|Any CPU.Build.0 = Release|Any CPU
	EndGlobalSection
	GlobalSection(SolutionProperties) = preSolution
		HideSolutionNode = FALSE
	EndGlobalSection
	GlobalSection(ExtensibilityGlobals) = postSolution
		SolutionGuid = {21A8984A-D9B4-4E9A-9E94-17369286796D}
	EndGlobalSection
EndGlobal
